
Microsoft Visual Studio Solution File, Format Version 12.00
# Visual Studio 15
VisualStudioVersion = 15.0.27004.2005
MinimumVisualStudioVersion = 10.0.40219.1
Project("{FAE04EC0-301F-11D3-BF4B-00C04F79EFBC}") = "Client", "Client\Client.csproj", "{CA5CB0DB-5B2C-4D36-8443-AE6DB0D51384}"
EndProject
Project("{FAE04EC0-301F-11D3-BF4B-00C04F79EFBC}") = "Server", "Server\Server.csproj", "{D4741CD6-A90C-4FD7-99A8-3488644714E0}"
EndProject
Project("{FAE04EC0-301F-11D3-BF4B-00C04F79EFBC}") = "Service", "Service\Service.csproj", "{B84AFABD-F269-4D46-B034-C0810074B22E}"
EndProject
Global
	GlobalSection(SolutionConfigurationPlatforms) = preSolution
		Debug|Any CPU = Debug|Any CPU
		Release|Any CPU = Release|Any CPU
	EndGlobalSection
	GlobalSection(ProjectConfigurationPlatforms) = postSolution
		{CA5CB0DB-5B2C-4D36-8443-AE6DB0D51384}.Debug|Any CPU.ActiveCfg = Debug|Any CPU
		{CA5CB0DB-5B2C-4D36-8443-AE6DB0D51384}.Debug|Any CPU.Build.0 = Debug|Any CPU
		{CA5CB0DB-5B2C-4D36-8443-AE6DB0D51384}.Release|Any CPU.ActiveCfg = Release|Any CPU
		{CA5CB0DB-5B2C-4D36-8443-AE6DB0D51384}.Release|Any CPU.Build.0 = Release|Any CPU
		{D4741CD6-A90C-4FD7-99A8-3488644714E0}.Debug|Any CPU.ActiveCfg = Debug|Any CPU
		{D4741CD6-A90C-4FD7-99A8-3488644714E0}.Debug|Any CPU.Build.0 = Debug|Any CPU
		{D4741CD6-A90C-4FD7-99A8-3488644714E0}.Release|Any CPU.ActiveCfg = Release|Any CPU
		{D4741CD6-A90C-4FD7-99A8-3488644714E0}.Release|Any CPU.Build.0 = Release|Any CPU
		{B84AFABD-F269-4D46-B034-C0810074B22E}.Debug|Any CPU.ActiveCfg = Debug|Any CPU
		{B84AFABD-F269-4D46-B034-C0810074B22E}.Debug|Any CPU.Build.0 = Debug|Any CPU
		{B84AFABD-F269-4D46-B034-C0810074B22E}.Release|Any CPU.ActiveCfg = Release|Any CPU
		{B84AFABD-F269-4D46-B034-C0810074B22E}.Release|Any CPU.Build.0 = Release|Any CPU
	EndGlobalSection
	GlobalSection(SolutionProperties) = preSolution
		HideSolutionNode = FALSE
	EndGlobalSection
	GlobalSection(ExtensibilityGlobals) = postSolution
		SolutionGuid = {EC1BD23D-339D-44A3-86B7-F905F77E8C11}
	EndGlobalSection
EndGlobal
